
Microsoft Visual Studio Solution File, Format Version 12.00
# Visual Studio 15
VisualStudioVersion = 15.0.27428.2037
MinimumVisualStudioVersion = 10.0.40219.1
Project("{9A19103F-16F7-4668-BE54-9A1E7A4F7556}") = "AutocadNUnitTester", "AutocadNUnitTester\AutocadNUnitTester.csproj", "{C06FA17D-2F42-403B-962B-20AAD7280DE9}"
EndProject
Project("{FAE04EC0-301F-11D3-BF4B-00C04F79EFBC}") = "IntegratedRunner", "IntegratedRunner\IntegratedRunner.csproj", "{BA289CB0-BF9C-4391-A969-F06A056A6D7F}"
EndProject
Global
	GlobalSection(SolutionConfigurationPlatforms) = preSolution
		Debug|Any CPU = Debug|Any CPU
		Release|Any CPU = Release|Any CPU
	EndGlobalSection
	GlobalSection(ProjectConfigurationPlatforms) = postSolution
		{C06FA17D-2F42-403B-962B-20AAD7280DE9}.Debug|Any CPU.ActiveCfg = Debug|Any CPU
		{C06FA17D-2F42-403B-962B-20AAD7280DE9}.Debug|Any CPU.Build.0 = Debug|Any CPU
		{C06FA17D-2F42-403B-962B-20AAD7280DE9}.Release|Any CPU.ActiveCfg = Release|Any CPU
		{C06FA17D-2F42-403B-962B-20AAD7280DE9}.Release|Any CPU.Build.0 = Release|Any CPU
		{BA289CB0-BF9C-4391-A969-F06A056A6D7F}.Debug|Any CPU.ActiveCfg = Debug|Any CPU
		{BA289CB0-BF9C-4391-A969-F06A056A6D7F}.Debug|Any CPU.Build.0 = Debug|Any CPU
		{BA289CB0-BF9C-4391-A969-F06A056A6D7F}.Release|Any CPU.ActiveCfg = Release|Any CPU
		{BA289CB0-BF9C-4391-A969-F06A056A6D7F}.Release|Any CPU.Build.0 = Release|Any CPU
	EndGlobalSection
	GlobalSection(SolutionProperties) = preSolution
		HideSolutionNode = FALSE
	EndGlobalSection
	GlobalSection(ExtensibilityGlobals) = postSolution
		SolutionGuid = {D862BC4E-187E-4293-8FE9-42F44C0489F7}
	EndGlobalSection
EndGlobal
